
Microsoft Visual Studio Solution File, Format Version 12.00
# Visual Studio Version 17
VisualStudioVersion = 17.9.34728.123
MinimumVisualStudioVersion = 10.0.40219.1
Project("{FAE04EC0-301F-11D3-BF4B-00C04F79EFBC}") = "PizzaDelivery", "PizzaDelivery\PizzaDelivery.csproj", "{648889B8-A579-4E12-ADC1-95744A8960FB}"
EndProject
Global
	GlobalSection(SolutionConfigurationPlatforms) = preSolution
		Debug|Any CPU = Debug|Any CPU
		Release|Any CPU = Release|Any CPU
	EndGlobalSection
	GlobalSection(ProjectConfigurationPlatforms) = postSolution
		{648889B8-A579-4E12-ADC1-95744A8960FB}.Debug|Any CPU.ActiveCfg = Debug|Any CPU
		{648889B8-A579-4E12-ADC1-95744A8960FB}.Debug|Any CPU.Build.0 = Debug|Any CPU
		{648889B8-A579-4E12-ADC1-95744A8960FB}.Release|Any CPU.ActiveCfg = Release|Any CPU
		{648889B8-A579-4E12-ADC1-95744A8960FB}.Release|Any CPU.Build.0 = Release|Any CPU
	EndGlobalSection
	GlobalSection(SolutionProperties) = preSolution
		HideSolutionNode = FALSE
	EndGlobalSection
	GlobalSection(ExtensibilityGlobals) = postSolution
		SolutionGuid = {939CF9AF-C519-4937-B560-96A6B62F9714}
	EndGlobalSection
EndGlobal
